// !$*UTF8*$!
{
	archiveVersion = 1;
	classes = {
	};
	objectVersion = 55;
	objects = {

/* Begin PBXBuildFile section */
		BD11F9032873725900E37C07 /* AppDelegate.swift in Sources */ = {isa = PBXBuildFile; fileRef = BD11F9022873725900E37C07 /* AppDelegate.swift */; };
		BD11F9052873725900E37C07 /* SceneDelegate.swift in Sources */ = {isa = PBXBuildFile; fileRef = BD11F9042873725900E37C07 /* SceneDelegate.swift */; };
		BD11F9072873725900E37C07 /* FeaturedViewController.swift in Sources */ = {isa = PBXBuildFile; fileRef = BD11F9062873725900E37C07 /* FeaturedViewController.swift */; };
		BD11F90A2873725900E37C07 /* Main.storyboard in Resources */ = {isa = PBXBuildFile; fileRef = BD11F9082873725900E37C07 /* Main.storyboard */; };
		BD11F90C2873725900E37C07 /* Assets.xcassets in Resources */ = {isa = PBXBuildFile; fileRef = BD11F90B2873725900E37C07 /* Assets.xcassets */; };
		BD11F90F2873725900E37C07 /* LaunchScreen.storyboard in Resources */ = {isa = PBXBuildFile; fileRef = BD11F90D2873725900E37C07 /* LaunchScreen.storyboard */; };
		BD1C7D87288598F5008EFA7D /* SearchCollectionViewCell.swift in Sources */ = {isa = PBXBuildFile; fileRef = BD1C7D86288598F5008EFA7D /* SearchCollectionViewCell.swift */; };
		BD1C7D8928859C6A008EFA7D /* SearchViewController.swift in Sources */ = {isa = PBXBuildFile; fileRef = BD1C7D8828859C6A008EFA7D /* SearchViewController.swift */; };
		BD1C7D8B28859E37008EFA7D /* SearchViewController+UICollectionViewDataSource.swift in Sources */ = {isa = PBXBuildFile; fileRef = BD1C7D8A28859E37008EFA7D /* SearchViewController+UICollectionViewDataSource.swift */; };
		BD1C7D8D2885C0D0008EFA7D /* SearchViewController+UICollectionViewDelegate.swift in Sources */ = {isa = PBXBuildFile; fileRef = BD1C7D8C2885C0D0008EFA7D /* SearchViewController+UICollectionViewDelegate.swift */; };
		BD1C7D8F2885F18C008EFA7D /* TrendingViewController.swift in Sources */ = {isa = PBXBuildFile; fileRef = BD1C7D8E2885F18C008EFA7D /* TrendingViewController.swift */; };
		BD2F7BCB287EEDF800709C99 /* UpcomingCollectionViewCell.swift in Sources */ = {isa = PBXBuildFile; fileRef = BD2F7BCA287EEDF800709C99 /* UpcomingCollectionViewCell.swift */; };
		BD2F7BCD287EF22200709C99 /* DetailsViewController.swift in Sources */ = {isa = PBXBuildFile; fileRef = BD2F7BCC287EF22200709C99 /* DetailsViewController.swift */; };
		BD2F7BCF287EF4A600709C99 /* FeaturedViewController+UICollectionViewDelegate.swift in Sources */ = {isa = PBXBuildFile; fileRef = BD2F7BCE287EF4A600709C99 /* FeaturedViewController+UICollectionViewDelegate.swift */; };
		BD350AB52886E0250062F850 /* TrendingViewController+UICollectionViewDataSource.swift in Sources */ = {isa = PBXBuildFile; fileRef = BD350AB42886E0250062F850 /* TrendingViewController+UICollectionViewDataSource.swift */; };
		BD350AB72886E23E0062F850 /* TrendingCollectionViewCell.swift in Sources */ = {isa = PBXBuildFile; fileRef = BD350AB62886E23E0062F850 /* TrendingCollectionViewCell.swift */; };
		BD350AB92886EC7C0062F850 /* TrendingViewController+UICollectionViewDelegate.swift in Sources */ = {isa = PBXBuildFile; fileRef = BD350AB82886EC7C0062F850 /* TrendingViewController+UICollectionViewDelegate.swift */; };
		BD350ABB2886F0C10062F850 /* SeeAllViewController+UICollectionViewDelegate.swift in Sources */ = {isa = PBXBuildFile; fileRef = BD350ABA2886F0C10062F850 /* SeeAllViewController+UICollectionViewDelegate.swift */; };
		BD6BD14C2881974B00A55362 /* TMDB-Info.plist in Resources */ = {isa = PBXBuildFile; fileRef = BD6BD14B2881974B00A55362 /* TMDB-Info.plist */; };
		BD6BD14E28819DFA00A55362 /* Movie+API.swift in Sources */ = {isa = PBXBuildFile; fileRef = BD6BD14D28819DFA00A55362 /* Movie+API.swift */; };
		BD6BD1502881A24800A55362 /* SeeAllViewController.swift in Sources */ = {isa = PBXBuildFile; fileRef = BD6BD14F2881A24800A55362 /* SeeAllViewController.swift */; };
		BD6BD1522881AE8B00A55362 /* MovieResponse.swift in Sources */ = {isa = PBXBuildFile; fileRef = BD6BD1512881AE8B00A55362 /* MovieResponse.swift */; };
		BD6BD1542881AFDF00A55362 /* SeeAllViewController+UICollectionViewDataSource.swift in Sources */ = {isa = PBXBuildFile; fileRef = BD6BD1532881AFDF00A55362 /* SeeAllViewController+UICollectionViewDataSource.swift */; };
		BD6BD1562881D27D00A55362 /* SeeAllCollectionViewCell.swift in Sources */ = {isa = PBXBuildFile; fileRef = BD6BD1552881D27D00A55362 /* SeeAllCollectionViewCell.swift */; };
		BD82110D287C45BC0028547D /* PopularCollectionViewCell.swift in Sources */ = {isa = PBXBuildFile; fileRef = BD82110C287C45BC0028547D /* PopularCollectionViewCell.swift */; };
		BD82110F287C466B0028547D /* NowPlayingCollectionViewCell.swift in Sources */ = {isa = PBXBuildFile; fileRef = BD82110E287C466B0028547D /* NowPlayingCollectionViewCell.swift */; };
		BD821114287D96040028547D /* Movie.swift in Sources */ = {isa = PBXBuildFile; fileRef = BD821113287D96040028547D /* Movie.swift */; };
		BD82111B287DA4F30028547D /* Movie+NowPlaying.swift in Sources */ = {isa = PBXBuildFile; fileRef = BD821116287DA4F30028547D /* Movie+NowPlaying.swift */; };
		BD82111C287DA4F30028547D /* Movie+Upcoming.swift in Sources */ = {isa = PBXBuildFile; fileRef = BD821117287DA4F30028547D /* Movie+Upcoming.swift */; };
		BD82111D287DA4F30028547D /* Movie+TrendingThisWeek.swift in Sources */ = {isa = PBXBuildFile; fileRef = BD821118287DA4F30028547D /* Movie+TrendingThisWeek.swift */; };
		BD82111E287DA4F30028547D /* Movie+Popular.swift in Sources */ = {isa = PBXBuildFile; fileRef = BD821119287DA4F30028547D /* Movie+Popular.swift */; };
		BD82111F287DA4F30028547D /* Movie+TrendingToday.swift in Sources */ = {isa = PBXBuildFile; fileRef = BD82111A287DA4F30028547D /* Movie+TrendingToday.swift */; };
		BD821121287DC1600028547D /* FeaturedViewController+UICollectionViewDataSource.swift in Sources */ = {isa = PBXBuildFile; fileRef = BD821120287DC1600028547D /* FeaturedViewController+UICollectionViewDataSource.swift */; };
/* End PBXBuildFile section */

/* Begin PBXFileReference section */
		BD11F8FF2873725900E37C07 /* ticket.app */ = {isa = PBXFileReference; explicitFileType = wrapper.application; includeInIndex = 0; path = ticket.app; sourceTree = BUILT_PRODUCTS_DIR; };
		BD11F9022873725900E37C07 /* AppDelegate.swift */ = {isa = PBXFileReference; lastKnownFileType = sourcecode.swift; path = AppDelegate.swift; sourceTree = "<group>"; };
		BD11F9042873725900E37C07 /* SceneDelegate.swift */ = {isa = PBXFileReference; lastKnownFileType = sourcecode.swift; path = SceneDelegate.swift; sourceTree = "<group>"; };
		BD11F9062873725900E37C07 /* FeaturedViewController.swift */ = {isa = PBXFileReference; lastKnownFileType = sourcecode.swift; path = FeaturedViewController.swift; sourceTree = "<group>"; };
		BD11F9092873725900E37C07 /* Base */ = {isa = PBXFileReference; lastKnownFileType = file.storyboard; name = Base; path = Base.lproj/Main.storyboard; sourceTree = "<group>"; };
		BD11F90B2873725900E37C07 /* Assets.xcassets */ = {isa = PBXFileReference; lastKnownFileType = folder.assetcatalog; path = Assets.xcassets; sourceTree = "<group>"; };
		BD11F90E2873725900E37C07 /* Base */ = {isa = PBXFileReference; lastKnownFileType = file.storyboard; name = Base; path = Base.lproj/LaunchScreen.storyboard; sourceTree = "<group>"; };
		BD11F9102873725900E37C07 /* Info.plist */ = {isa = PBXFileReference; lastKnownFileType = text.plist.xml; path = Info.plist; sourceTree = "<group>"; };
		BD1C7D86288598F5008EFA7D /* SearchCollectionViewCell.swift */ = {isa = PBXFileReference; lastKnownFileType = sourcecode.swift; path = SearchCollectionViewCell.swift; sourceTree = "<group>"; };
		BD1C7D8828859C6A008EFA7D /* SearchViewController.swift */ = {isa = PBXFileReference; lastKnownFileType = sourcecode.swift; path = SearchViewController.swift; sourceTree = "<group>"; };
		BD1C7D8A28859E37008EFA7D /* SearchViewController+UICollectionViewDataSource.swift */ = {isa = PBXFileReference; lastKnownFileType = sourcecode.swift; path = "SearchViewController+UICollectionViewDataSource.swift"; sourceTree = "<group>"; };
		BD1C7D8C2885C0D0008EFA7D /* SearchViewController+UICollectionViewDelegate.swift */ = {isa = PBXFileReference; lastKnownFileType = sourcecode.swift; path = "SearchViewController+UICollectionViewDelegate.swift"; sourceTree = "<group>"; };
		BD1C7D8E2885F18C008EFA7D /* TrendingViewController.swift */ = {isa = PBXFileReference; lastKnownFileType = sourcecode.swift; path = TrendingViewController.swift; sourceTree = "<group>"; };
		BD2F7BCA287EEDF800709C99 /* UpcomingCollectionViewCell.swift */ = {isa = PBXFileReference; lastKnownFileType = sourcecode.swift; path = UpcomingCollectionViewCell.swift; sourceTree = "<group>"; };
		BD2F7BCC287EF22200709C99 /* DetailsViewController.swift */ = {isa = PBXFileReference; lastKnownFileType = sourcecode.swift; path = DetailsViewController.swift; sourceTree = "<group>"; };
		BD2F7BCE287EF4A600709C99 /* FeaturedViewController+UICollectionViewDelegate.swift */ = {isa = PBXFileReference; lastKnownFileType = sourcecode.swift; path = "FeaturedViewController+UICollectionViewDelegate.swift"; sourceTree = "<group>"; };
		BD350AB42886E0250062F850 /* TrendingViewController+UICollectionViewDataSource.swift */ = {isa = PBXFileReference; lastKnownFileType = sourcecode.swift; path = "TrendingViewController+UICollectionViewDataSource.swift"; sourceTree = "<group>"; };
		BD350AB62886E23E0062F850 /* TrendingCollectionViewCell.swift */ = {isa = PBXFileReference; lastKnownFileType = sourcecode.swift; path = TrendingCollectionViewCell.swift; sourceTree = "<group>"; };
		BD350AB82886EC7C0062F850 /* TrendingViewController+UICollectionViewDelegate.swift */ = {isa = PBXFileReference; lastKnownFileType = sourcecode.swift; path = "TrendingViewController+UICollectionViewDelegate.swift"; sourceTree = "<group>"; };
		BD350ABA2886F0C10062F850 /* SeeAllViewController+UICollectionViewDelegate.swift */ = {isa = PBXFileReference; lastKnownFileType = sourcecode.swift; path = "SeeAllViewController+UICollectionViewDelegate.swift"; sourceTree = "<group>"; };
		BD6BD14B2881974B00A55362 /* TMDB-Info.plist */ = {isa = PBXFileReference; lastKnownFileType = text.plist.xml; path = "TMDB-Info.plist"; sourceTree = "<group>"; };
		BD6BD14D28819DFA00A55362 /* Movie+API.swift */ = {isa = PBXFileReference; fileEncoding = 4; lastKnownFileType = sourcecode.swift; path = "Movie+API.swift"; sourceTree = "<group>"; };
		BD6BD14F2881A24800A55362 /* SeeAllViewController.swift */ = {isa = PBXFileReference; lastKnownFileType = sourcecode.swift; path = SeeAllViewController.swift; sourceTree = "<group>"; };
		BD6BD1512881AE8B00A55362 /* MovieResponse.swift */ = {isa = PBXFileReference; lastKnownFileType = sourcecode.swift; path = MovieResponse.swift; sourceTree = "<group>"; };
		BD6BD1532881AFDF00A55362 /* SeeAllViewController+UICollectionViewDataSource.swift */ = {isa = PBXFileReference; lastKnownFileType = sourcecode.swift; path = "SeeAllViewController+UICollectionViewDataSource.swift"; sourceTree = "<group>"; };
		BD6BD1552881D27D00A55362 /* SeeAllCollectionViewCell.swift */ = {isa = PBXFileReference; lastKnownFileType = sourcecode.swift; path = SeeAllCollectionViewCell.swift; sourceTree = "<group>"; };
		BD82110C287C45BC0028547D /* PopularCollectionViewCell.swift */ = {isa = PBXFileReference; lastKnownFileType = sourcecode.swift; path = PopularCollectionViewCell.swift; sourceTree = "<group>"; };
		BD82110E287C466B0028547D /* NowPlayingCollectionViewCell.swift */ = {isa = PBXFileReference; lastKnownFileType = sourcecode.swift; path = NowPlayingCollectionViewCell.swift; sourceTree = "<group>"; };
		BD821113287D96040028547D /* Movie.swift */ = {isa = PBXFileReference; fileEncoding = 4; lastKnownFileType = sourcecode.swift; name = Movie.swift; path = ticket/Model/Movie.swift; sourceTree = SOURCE_ROOT; };
		BD821116287DA4F30028547D /* Movie+NowPlaying.swift */ = {isa = PBXFileReference; fileEncoding = 4; lastKnownFileType = sourcecode.swift; path = "Movie+NowPlaying.swift"; sourceTree = "<group>"; };
		BD821117287DA4F30028547D /* Movie+Upcoming.swift */ = {isa = PBXFileReference; fileEncoding = 4; lastKnownFileType = sourcecode.swift; path = "Movie+Upcoming.swift"; sourceTree = "<group>"; };
		BD821118287DA4F30028547D /* Movie+TrendingThisWeek.swift */ = {isa = PBXFileReference; fileEncoding = 4; lastKnownFileType = sourcecode.swift; path = "Movie+TrendingThisWeek.swift"; sourceTree = "<group>"; };
		BD821119287DA4F30028547D /* Movie+Popular.swift */ = {isa = PBXFileReference; fileEncoding = 4; lastKnownFileType = sourcecode.swift; path = "Movie+Popular.swift"; sourceTree = "<group>"; };
		BD82111A287DA4F30028547D /* Movie+TrendingToday.swift */ = {isa = PBXFileReference; fileEncoding = 4; lastKnownFileType = sourcecode.swift; path = "Movie+TrendingToday.swift"; sourceTree = "<group>"; };
		BD821120287DC1600028547D /* FeaturedViewController+UICollectionViewDataSource.swift */ = {isa = PBXFileReference; lastKnownFileType = sourcecode.swift; path = "FeaturedViewController+UICollectionViewDataSource.swift"; sourceTree = "<group>"; };
/* End PBXFileReference section */

/* Begin PBXFrameworksBuildPhase section */
		BD11F8FC2873725900E37C07 /* Frameworks */ = {
			isa = PBXFrameworksBuildPhase;
			buildActionMask = 2147483647;
			files = (
			);
			runOnlyForDeploymentPostprocessing = 0;
		};
/* End PBXFrameworksBuildPhase section */

/* Begin PBXGroup section */
		BD11F8F62873725900E37C07 = {
			isa = PBXGroup;
			children = (
				BD11F9012873725900E37C07 /* ticket */,
				BD11F9002873725900E37C07 /* Products */,
			);
			sourceTree = "<group>";
		};
		BD11F9002873725900E37C07 /* Products */ = {
			isa = PBXGroup;
			children = (
				BD11F8FF2873725900E37C07 /* ticket.app */,
			);
			name = Products;
			sourceTree = "<group>";
		};
		BD11F9012873725900E37C07 /* ticket */ = {
			isa = PBXGroup;
			children = (
				BD11F9022873725900E37C07 /* AppDelegate.swift */,
				BD11F9042873725900E37C07 /* SceneDelegate.swift */,
				BD821112287C48A90028547D /* SupportingFiles */,
				BD821115287D96300028547D /* Model */,
				BD821110287C47AC0028547D /* View */,
				BD821111287C488C0028547D /* Controller */,
			);
			path = ticket;
			sourceTree = "<group>";
		};
		BD821110287C47AC0028547D /* View */ = {
			isa = PBXGroup;
			children = (
				BD11F90D2873725900E37C07 /* LaunchScreen.storyboard */,
				BD11F9082873725900E37C07 /* Main.storyboard */,
				BD82110C287C45BC0028547D /* PopularCollectionViewCell.swift */,
				BD82110E287C466B0028547D /* NowPlayingCollectionViewCell.swift */,
				BD2F7BCA287EEDF800709C99 /* UpcomingCollectionViewCell.swift */,
				BD6BD1552881D27D00A55362 /* SeeAllCollectionViewCell.swift */,
				BD1C7D86288598F5008EFA7D /* SearchCollectionViewCell.swift */,
				BD350AB62886E23E0062F850 /* TrendingCollectionViewCell.swift */,
			);
			path = View;
			sourceTree = "<group>";
		};
		BD821111287C488C0028547D /* Controller */ = {
			isa = PBXGroup;
			children = (
				BD11F9062873725900E37C07 /* FeaturedViewController.swift */,
				BD821120287DC1600028547D /* FeaturedViewController+UICollectionViewDataSource.swift */,
				BD2F7BCE287EF4A600709C99 /* FeaturedViewController+UICollectionViewDelegate.swift */,
				BD2F7BCC287EF22200709C99 /* DetailsViewController.swift */,
				BD6BD14F2881A24800A55362 /* SeeAllViewController.swift */,
				BD6BD1532881AFDF00A55362 /* SeeAllViewController+UICollectionViewDataSource.swift */,
				BD350ABA2886F0C10062F850 /* SeeAllViewController+UICollectionViewDelegate.swift */,
				BD1C7D8828859C6A008EFA7D /* SearchViewController.swift */,
				BD1C7D8A28859E37008EFA7D /* SearchViewController+UICollectionViewDataSource.swift */,
				BD1C7D8C2885C0D0008EFA7D /* SearchViewController+UICollectionViewDelegate.swift */,
				BD1C7D8E2885F18C008EFA7D /* TrendingViewController.swift */,
				BD350AB42886E0250062F850 /* TrendingViewController+UICollectionViewDataSource.swift */,
				BD350AB82886EC7C0062F850 /* TrendingViewController+UICollectionViewDelegate.swift */,
			);
			path = Controller;
			sourceTree = "<group>";
		};
		BD821112287C48A90028547D /* SupportingFiles */ = {
			isa = PBXGroup;
			children = (
				BD11F90B2873725900E37C07 /* Assets.xcassets */,
				BD11F9102873725900E37C07 /* Info.plist */,
				BD6BD14B2881974B00A55362 /* TMDB-Info.plist */,
			);
			name = SupportingFiles;
			sourceTree = "<group>";
		};
		BD821115287D96300028547D /* Model */ = {
			isa = PBXGroup;
			children = (
				BD6BD14D28819DFA00A55362 /* Movie+API.swift */,
				BD821116287DA4F30028547D /* Movie+NowPlaying.swift */,
				BD821119287DA4F30028547D /* Movie+Popular.swift */,
				BD821118287DA4F30028547D /* Movie+TrendingThisWeek.swift */,
				BD82111A287DA4F30028547D /* Movie+TrendingToday.swift */,
				BD821117287DA4F30028547D /* Movie+Upcoming.swift */,
				BD821113287D96040028547D /* Movie.swift */,
				BD6BD1512881AE8B00A55362 /* MovieResponse.swift */,
			);
			path = Model;
			sourceTree = "<group>";
		};
/* End PBXGroup section */

/* Begin PBXNativeTarget section */
		BD11F8FE2873725900E37C07 /* ticket */ = {
			isa = PBXNativeTarget;
			buildConfigurationList = BD11F9132873725900E37C07 /* Build configuration list for PBXNativeTarget "ticket" */;
			buildPhases = (
				BD11F8FB2873725900E37C07 /* Sources */,
				BD11F8FC2873725900E37C07 /* Frameworks */,
				BD11F8FD2873725900E37C07 /* Resources */,
			);
			buildRules = (
			);
			dependencies = (
			);
			name = ticket;
			productName = ticket;
			productReference = BD11F8FF2873725900E37C07 /* ticket.app */;
			productType = "com.apple.product-type.application";
		};
/* End PBXNativeTarget section */

/* Begin PBXProject section */
		BD11F8F72873725900E37C07 /* Project object */ = {
			isa = PBXProject;
			attributes = {
				BuildIndependentTargetsInParallel = 1;
				LastSwiftUpdateCheck = 1340;
				LastUpgradeCheck = 1340;
				TargetAttributes = {
					BD11F8FE2873725900E37C07 = {
						CreatedOnToolsVersion = 13.4.1;
					};
				};
			};
			buildConfigurationList = BD11F8FA2873725900E37C07 /* Build configuration list for PBXProject "ticket" */;
			compatibilityVersion = "Xcode 13.0";
			developmentRegion = en;
			hasScannedForEncodings = 0;
			knownRegions = (
				en,
				Base,
			);
			mainGroup = BD11F8F62873725900E37C07;
			productRefGroup = BD11F9002873725900E37C07 /* Products */;
			projectDirPath = "";
			projectRoot = "";
			targets = (
				BD11F8FE2873725900E37C07 /* ticket */,
			);
		};
/* End PBXProject section */

/* Begin PBXResourcesBuildPhase section */
		BD11F8FD2873725900E37C07 /* Resources */ = {
			isa = PBXResourcesBuildPhase;
			buildActionMask = 2147483647;
			files = (
				BD11F90F2873725900E37C07 /* LaunchScreen.storyboard in Resources */,
				BD6BD14C2881974B00A55362 /* TMDB-Info.plist in Resources */,
				BD11F90C2873725900E37C07 /* Assets.xcassets in Resources */,
				BD11F90A2873725900E37C07 /* Main.storyboard in Resources */,
			);
			runOnlyForDeploymentPostprocessing = 0;
		};
/* End PBXResourcesBuildPhase section */

/* Begin PBXSourcesBuildPhase section */
		BD11F8FB2873725900E37C07 /* Sources */ = {
			isa = PBXSourcesBuildPhase;
			buildActionMask = 2147483647;
			files = (
				BD82110F287C466B0028547D /* NowPlayingCollectionViewCell.swift in Sources */,
				BD82110D287C45BC0028547D /* PopularCollectionViewCell.swift in Sources */,
				BD6BD1562881D27D00A55362 /* SeeAllCollectionViewCell.swift in Sources */,
				BD82111F287DA4F30028547D /* Movie+TrendingToday.swift in Sources */,
				BD2F7BCB287EEDF800709C99 /* UpcomingCollectionViewCell.swift in Sources */,
				BD1C7D87288598F5008EFA7D /* SearchCollectionViewCell.swift in Sources */,
				BD821114287D96040028547D /* Movie.swift in Sources */,
				BD1C7D8F2885F18C008EFA7D /* TrendingViewController.swift in Sources */,
				BD821121287DC1600028547D /* FeaturedViewController+UICollectionViewDataSource.swift in Sources */,
				BD350AB92886EC7C0062F850 /* TrendingViewController+UICollectionViewDelegate.swift in Sources */,
				BD350AB52886E0250062F850 /* TrendingViewController+UICollectionViewDataSource.swift in Sources */,
				BD82111D287DA4F30028547D /* Movie+TrendingThisWeek.swift in Sources */,
				BD11F9072873725900E37C07 /* FeaturedViewController.swift in Sources */,
				BD82111C287DA4F30028547D /* Movie+Upcoming.swift in Sources */,
				BD1C7D8B28859E37008EFA7D /* SearchViewController+UICollectionViewDataSource.swift in Sources */,
				BD350AB72886E23E0062F850 /* TrendingCollectionViewCell.swift in Sources */,
				BD82111E287DA4F30028547D /* Movie+Popular.swift in Sources */,
				BD1C7D8928859C6A008EFA7D /* SearchViewController.swift in Sources */,
				BD11F9032873725900E37C07 /* AppDelegate.swift in Sources */,
				BD2F7BCF287EF4A600709C99 /* FeaturedViewController+UICollectionViewDelegate.swift in Sources */,
				BD2F7BCD287EF22200709C99 /* DetailsViewController.swift in Sources */,
				BD82111B287DA4F30028547D /* Movie+NowPlaying.swift in Sources */,
				BD6BD1542881AFDF00A55362 /* SeeAllViewController+UICollectionViewDataSource.swift in Sources */,
				BD350ABB2886F0C10062F850 /* SeeAllViewController+UICollectionViewDelegate.swift in Sources */,
				BD11F9052873725900E37C07 /* SceneDelegate.swift in Sources */,
				BD6BD1522881AE8B00A55362 /* MovieResponse.swift in Sources */,
				BD6BD14E28819DFA00A55362 /* Movie+API.swift in Sources */,
				BD1C7D8D2885C0D0008EFA7D /* SearchViewController+UICollectionViewDelegate.swift in Sources */,
				BD6BD1502881A24800A55362 /* SeeAllViewController.swift in Sources */,
			);
			runOnlyForDeploymentPostprocessing = 0;
		};
/* End PBXSourcesBuildPhase section */

/* Begin PBXVariantGroup section */
		BD11F9082873725900E37C07 /* Main.storyboard */ = {
			isa = PBXVariantGroup;
			children = (
				BD11F9092873725900E37C07 /* Base */,
			);
			name = Main.storyboard;
			sourceTree = "<group>";
		};
		BD11F90D2873725900E37C07 /* LaunchScreen.storyboard */ = {
			isa = PBXVariantGroup;
			children = (
				BD11F90E2873725900E37C07 /* Base */,
			);
			name = LaunchScreen.storyboard;
			sourceTree = "<group>";
		};
/* End PBXVariantGroup section */

/* Begin XCBuildConfiguration section */
		BD11F9112873725900E37C07 /* Debug */ = {
			isa = XCBuildConfiguration;
			buildSettings = {
				ALWAYS_SEARCH_USER_PATHS = NO;
				CLANG_ANALYZER_NONNULL = YES;
				CLANG_ANALYZER_NUMBER_OBJECT_CONVERSION = YES_AGGRESSIVE;
				CLANG_CXX_LANGUAGE_STANDARD = "gnu++17";
				CLANG_ENABLE_MODULES = YES;
				CLANG_ENABLE_OBJC_ARC = YES;
				CLANG_ENABLE_OBJC_WEAK = YES;
				CLANG_WARN_BLOCK_CAPTURE_AUTORELEASING = YES;
				CLANG_WARN_BOOL_CONVERSION = YES;
				CLANG_WARN_COMMA = YES;
				CLANG_WARN_CONSTANT_CONVERSION = YES;
				CLANG_WARN_DEPRECATED_OBJC_IMPLEMENTATIONS = YES;
				CLANG_WARN_DIRECT_OBJC_ISA_USAGE = YES_ERROR;
				CLANG_WARN_DOCUMENTATION_COMMENTS = YES;
				CLANG_WARN_EMPTY_BODY = YES;
				CLANG_WARN_ENUM_CONVERSION = YES;
				CLANG_WARN_INFINITE_RECURSION = YES;
				CLANG_WARN_INT_CONVERSION = YES;
				CLANG_WARN_NON_LITERAL_NULL_CONVERSION = YES;
				CLANG_WARN_OBJC_IMPLICIT_RETAIN_SELF = YES;
				CLANG_WARN_OBJC_LITERAL_CONVERSION = YES;
				CLANG_WARN_OBJC_ROOT_CLASS = YES_ERROR;
				CLANG_WARN_QUOTED_INCLUDE_IN_FRAMEWORK_HEADER = YES;
				CLANG_WARN_RANGE_LOOP_ANALYSIS = YES;
				CLANG_WARN_STRICT_PROTOTYPES = YES;
				CLANG_WARN_SUSPICIOUS_MOVE = YES;
				CLANG_WARN_UNGUARDED_AVAILABILITY = YES_AGGRESSIVE;
				CLANG_WARN_UNREACHABLE_CODE = YES;
				CLANG_WARN__DUPLICATE_METHOD_MATCH = YES;
				COPY_PHASE_STRIP = NO;
				DEBUG_INFORMATION_FORMAT = dwarf;
				ENABLE_STRICT_OBJC_MSGSEND = YES;
				ENABLE_TESTABILITY = YES;
				GCC_C_LANGUAGE_STANDARD = gnu11;
				GCC_DYNAMIC_NO_PIC = NO;
				GCC_NO_COMMON_BLOCKS = YES;
				GCC_OPTIMIZATION_LEVEL = 0;
				GCC_PREPROCESSOR_DEFINITIONS = (
					"DEBUG=1",
					"$(inherited)",
				);
				GCC_WARN_64_TO_32_BIT_CONVERSION = YES;
				GCC_WARN_ABOUT_RETURN_TYPE = YES_ERROR;
				GCC_WARN_UNDECLARED_SELECTOR = YES;
				GCC_WARN_UNINITIALIZED_AUTOS = YES_AGGRESSIVE;
				GCC_WARN_UNUSED_FUNCTION = YES;
				GCC_WARN_UNUSED_VARIABLE = YES;
				IPHONEOS_DEPLOYMENT_TARGET = 15.5;
				MTL_ENABLE_DEBUG_INFO = INCLUDE_SOURCE;
				MTL_FAST_MATH = YES;
				ONLY_ACTIVE_ARCH = YES;
				SDKROOT = iphoneos;
				SWIFT_ACTIVE_COMPILATION_CONDITIONS = DEBUG;
				SWIFT_OPTIMIZATION_LEVEL = "-Onone";
			};
			name = Debug;
		};
		BD11F9122873725900E37C07 /* Release */ = {
			isa = XCBuildConfiguration;
			buildSettings = {
				ALWAYS_SEARCH_USER_PATHS = NO;
				CLANG_ANALYZER_NONNULL = YES;
				CLANG_ANALYZER_NUMBER_OBJECT_CONVERSION = YES_AGGRESSIVE;
				CLANG_CXX_LANGUAGE_STANDARD = "gnu++17";
				CLANG_ENABLE_MODULES = YES;
				CLANG_ENABLE_OBJC_ARC = YES;
				CLANG_ENABLE_OBJC_WEAK = YES;
				CLANG_WARN_BLOCK_CAPTURE_AUTORELEASING = YES;
				CLANG_WARN_BOOL_CONVERSION = YES;
				CLANG_WARN_COMMA = YES;
				CLANG_WARN_CONSTANT_CONVERSION = YES;
				CLANG_WARN_DEPRECATED_OBJC_IMPLEMENTATIONS = YES;
				CLANG_WARN_DIRECT_OBJC_ISA_USAGE = YES_ERROR;
				CLANG_WARN_DOCUMENTATION_COMMENTS = YES;
				CLANG_WARN_EMPTY_BODY = YES;
				CLANG_WARN_ENUM_CONVERSION = YES;
				CLANG_WARN_INFINITE_RECURSION = YES;
				CLANG_WARN_INT_CONVERSION = YES;
				CLANG_WARN_NON_LITERAL_NULL_CONVERSION = YES;
				CLANG_WARN_OBJC_IMPLICIT_RETAIN_SELF = YES;
				CLANG_WARN_OBJC_LITERAL_CONVERSION = YES;
				CLANG_WARN_OBJC_ROOT_CLASS = YES_ERROR;
				CLANG_WARN_QUOTED_INCLUDE_IN_FRAMEWORK_HEADER = YES;
				CLANG_WARN_RANGE_LOOP_ANALYSIS = YES;
				CLANG_WARN_STRICT_PROTOTYPES = YES;
				CLANG_WARN_SUSPICIOUS_MOVE = YES;
				CLANG_WARN_UNGUARDED_AVAILABILITY = YES_AGGRESSIVE;
				CLANG_WARN_UNREACHABLE_CODE = YES;
				CLANG_WARN__DUPLICATE_METHOD_MATCH = YES;
				COPY_PHASE_STRIP = NO;
				DEBUG_INFORMATION_FORMAT = "dwarf-with-dsym";
				ENABLE_NS_ASSERTIONS = NO;
				ENABLE_STRICT_OBJC_MSGSEND = YES;
				GCC_C_LANGUAGE_STANDARD = gnu11;
				GCC_NO_COMMON_BLOCKS = YES;
				GCC_WARN_64_TO_32_BIT_CONVERSION = YES;
				GCC_WARN_ABOUT_RETURN_TYPE = YES_ERROR;
				GCC_WARN_UNDECLARED_SELECTOR = YES;
				GCC_WARN_UNINITIALIZED_AUTOS = YES_AGGRESSIVE;
				GCC_WARN_UNUSED_FUNCTION = YES;
				GCC_WARN_UNUSED_VARIABLE = YES;
				IPHONEOS_DEPLOYMENT_TARGET = 15.5;
				MTL_ENABLE_DEBUG_INFO = NO;
				MTL_FAST_MATH = YES;
				SDKROOT = iphoneos;
				SWIFT_COMPILATION_MODE = wholemodule;
				SWIFT_OPTIMIZATION_LEVEL = "-O";
				VALIDATE_PRODUCT = YES;
			};
			name = Release;
		};
		BD11F9142873725900E37C07 /* Debug */ = {
			isa = XCBuildConfiguration;
			buildSettings = {
				ASSETCATALOG_COMPILER_APPICON_NAME = AppIcon;
				ASSETCATALOG_COMPILER_GLOBAL_ACCENT_COLOR_NAME = AccentColor;
				CODE_SIGN_STYLE = Automatic;
				CURRENT_PROJECT_VERSION = 1;
				DEVELOPMENT_TEAM = Z4T4DUM2DD;
				GENERATE_INFOPLIST_FILE = YES;
				INFOPLIST_FILE = ticket/Info.plist;
				INFOPLIST_KEY_UIApplicationSupportsIndirectInputEvents = YES;
				INFOPLIST_KEY_UILaunchStoryboardName = LaunchScreen;
				INFOPLIST_KEY_UIMainStoryboardFile = Main;
				INFOPLIST_KEY_UISupportedInterfaceOrientations_iPad = "UIInterfaceOrientationPortrait UIInterfaceOrientationPortraitUpsideDown UIInterfaceOrientationLandscapeLeft UIInterfaceOrientationLandscapeRight";
				INFOPLIST_KEY_UISupportedInterfaceOrientations_iPhone = "UIInterfaceOrientationPortrait UIInterfaceOrientationLandscapeLeft UIInterfaceOrientationLandscapeRight";
				LD_RUNPATH_SEARCH_PATHS = (
					"$(inherited)",
					"@executable_path/Frameworks",
				);
				MARKETING_VERSION = 1.0;
				PRODUCT_BUNDLE_IDENTIFIER = sofia.ticket;
				PRODUCT_NAME = "$(TARGET_NAME)";
				SWIFT_EMIT_LOC_STRINGS = YES;
				SWIFT_VERSION = 5.0;
				TARGETED_DEVICE_FAMILY = "1,2";
			};
			name = Debug;
		};
		BD11F9152873725900E37C07 /* Release */ = {
			isa = XCBuildConfiguration;
			buildSettings = {
				ASSETCATALOG_COMPILER_APPICON_NAME = AppIcon;
				ASSETCATALOG_COMPILER_GLOBAL_ACCENT_COLOR_NAME = AccentColor;
				CODE_SIGN_STYLE = Automatic;
				CURRENT_PROJECT_VERSION = 1;
				DEVELOPMENT_TEAM = Z4T4DUM2DD;
				GENERATE_INFOPLIST_FILE = YES;
				INFOPLIST_FILE = ticket/Info.plist;
				INFOPLIST_KEY_UIApplicationSupportsIndirectInputEvents = YES;
				INFOPLIST_KEY_UILaunchStoryboardName = LaunchScreen;
				INFOPLIST_KEY_UIMainStoryboardFile = Main;
				INFOPLIST_KEY_UISupportedInterfaceOrientations_iPad = "UIInterfaceOrientationPortrait UIInterfaceOrientationPortraitUpsideDown UIInterfaceOrientationLandscapeLeft UIInterfaceOrientationLandscapeRight";
				INFOPLIST_KEY_UISupportedInterfaceOrientations_iPhone = "UIInterfaceOrientationPortrait UIInterfaceOrientationLandscapeLeft UIInterfaceOrientationLandscapeRight";
				LD_RUNPATH_SEARCH_PATHS = (
					"$(inherited)",
					"@executable_path/Frameworks",
				);
				MARKETING_VERSION = 1.0;
				PRODUCT_BUNDLE_IDENTIFIER = sofia.ticket;
				PRODUCT_NAME = "$(TARGET_NAME)";
				SWIFT_EMIT_LOC_STRINGS = YES;
				SWIFT_VERSION = 5.0;
				TARGETED_DEVICE_FAMILY = "1,2";
			};
			name = Release;
		};
/* End XCBuildConfiguration section */

/* Begin XCConfigurationList section */
		BD11F8FA2873725900E37C07 /* Build configuration list for PBXProject "ticket" */ = {
			isa = XCConfigurationList;
			buildConfigurations = (
				BD11F9112873725900E37C07 /* Debug */,
				BD11F9122873725900E37C07 /* Release */,
			);
			defaultConfigurationIsVisible = 0;
			defaultConfigurationName = Release;
		};
		BD11F9132873725900E37C07 /* Build configuration list for PBXNativeTarget "ticket" */ = {
			isa = XCConfigurationList;
			buildConfigurations = (
				BD11F9142873725900E37C07 /* Debug */,
				BD11F9152873725900E37C07 /* Release */,
			);
			defaultConfigurationIsVisible = 0;
			defaultConfigurationName = Release;
		};
/* End XCConfigurationList section */
	};
	rootObject = BD11F8F72873725900E37C07 /* Project object */;
}
